
Microsoft Visual Studio Solution File, Format Version 12.00
# Visual Studio Version 17
VisualStudioVersion = 17.13.35828.75 d17.13
MinimumVisualStudioVersion = 10.0.40219.1
Project("{FAE04EC0-301F-11D3-BF4B-00C04F79EFBC}") = "VigadeParandus", "VigadeParandus.csproj", "{BAD29F68-2C94-4A3C-8E56-2DE6270A2ECF}"
EndProject
Global
	GlobalSection(SolutionConfigurationPlatforms) = preSolution
		Debug|Any CPU = Debug|Any CPU
		Release|Any CPU = Release|Any CPU
	EndGlobalSection
	GlobalSection(ProjectConfigurationPlatforms) = postSolution
		{BAD29F68-2C94-4A3C-8E56-2DE6270A2ECF}.Debug|Any CPU.ActiveCfg = Debug|Any CPU
		{BAD29F68-2C94-4A3C-8E56-2DE6270A2ECF}.Debug|Any CPU.Build.0 = Debug|Any CPU
		{BAD29F68-2C94-4A3C-8E56-2DE6270A2ECF}.Release|Any CPU.ActiveCfg = Release|Any CPU
		{BAD29F68-2C94-4A3C-8E56-2DE6270A2ECF}.Release|Any CPU.Build.0 = Release|Any CPU
	EndGlobalSection
	GlobalSection(SolutionProperties) = preSolution
		HideSolutionNode = FALSE
	EndGlobalSection
	GlobalSection(ExtensibilityGlobals) = postSolution
		SolutionGuid = {4EE36665-2485-4BC7-810C-14D99A83FA95}
	EndGlobalSection
EndGlobal
